
Microsoft Visual Studio Solution File, Format Version 12.00
# Visual Studio Version 17
VisualStudioVersion = 17.1.32328.378
MinimumVisualStudioVersion = 10.0.40219.1
Project("{FAE04EC0-301F-11D3-BF4B-00C04F79EFBC}") = "the project", "the project\the project.csproj", "{71175D04-A6AB-4C0B-9565-7E995DCA95CA}"
EndProject
Global
	GlobalSection(SolutionConfigurationPlatforms) = preSolution
		Debug|Any CPU = Debug|Any CPU
		Debug|x64 = Debug|x64
		Release|Any CPU = Release|Any CPU
		Release|x64 = Release|x64
	EndGlobalSection
	GlobalSection(ProjectConfigurationPlatforms) = postSolution
		{71175D04-A6AB-4C0B-9565-7E995DCA95CA}.Debug|Any CPU.ActiveCfg = Debug|Any CPU
		{71175D04-A6AB-4C0B-9565-7E995DCA95CA}.Debug|Any CPU.Build.0 = Debug|Any CPU
		{71175D04-A6AB-4C0B-9565-7E995DCA95CA}.Debug|x64.ActiveCfg = Debug|x64
		{71175D04-A6AB-4C0B-9565-7E995DCA95CA}.Debug|x64.Build.0 = Debug|x64
		{71175D04-A6AB-4C0B-9565-7E995DCA95CA}.Release|Any CPU.ActiveCfg = Release|Any CPU
		{71175D04-A6AB-4C0B-9565-7E995DCA95CA}.Release|Any CPU.Build.0 = Release|Any CPU
		{71175D04-A6AB-4C0B-9565-7E995DCA95CA}.Release|x64.ActiveCfg = Release|x64
		{71175D04-A6AB-4C0B-9565-7E995DCA95CA}.Release|x64.Build.0 = Release|x64
	EndGlobalSection
	GlobalSection(SolutionProperties) = preSolution
		HideSolutionNode = FALSE
	EndGlobalSection
	GlobalSection(ExtensibilityGlobals) = postSolution
		SolutionGuid = {AC999829-AB70-468E-957C-0124F8776456}
	EndGlobalSection
EndGlobal
